// !$*UTF8*$!
{
	archiveVersion = 1;
	classes = {
	};
	objectVersion = 46;
	objects = {

/* Begin PBXBuildFile section */
		365278CF9B58762AC16B154D /* Pods_percentageFinal.framework in Frameworks */ = {isa = PBXBuildFile; fileRef = 9381C1AA7BE5E31D56C0074A /* Pods_percentageFinal.framework */; };
		550109CF1DA4D62000418434 /* Charts.framework in Frameworks */ = {isa = PBXBuildFile; fileRef = 550109CA1DA4D61200418434 /* Charts.framework */; };
		550109D01DA4D62000418434 /* Charts.framework in Embed Frameworks */ = {isa = PBXBuildFile; fileRef = 550109CA1DA4D61200418434 /* Charts.framework */; settings = {ATTRIBUTES = (CodeSignOnCopy, RemoveHeadersOnCopy, ); }; };
		55413A481DA2039D002D6FB5 /* AppDelegate.swift in Sources */ = {isa = PBXBuildFile; fileRef = 55413A471DA2039D002D6FB5 /* AppDelegate.swift */; };
		55413A4D1DA2039D002D6FB5 /* Main.storyboard in Resources */ = {isa = PBXBuildFile; fileRef = 55413A4B1DA2039D002D6FB5 /* Main.storyboard */; };
		55413A4F1DA2039D002D6FB5 /* Assets.xcassets in Resources */ = {isa = PBXBuildFile; fileRef = 55413A4E1DA2039D002D6FB5 /* Assets.xcassets */; };
		55413A521DA2039D002D6FB5 /* LaunchScreen.storyboard in Resources */ = {isa = PBXBuildFile; fileRef = 55413A501DA2039D002D6FB5 /* LaunchScreen.storyboard */; };
		55413A5A1DA2045F002D6FB5 /* percentageViewController.swift in Sources */ = {isa = PBXBuildFile; fileRef = 55413A591DA2045F002D6FB5 /* percentageViewController.swift */; };
		5551A48B1DA2427200FE406D /* subjects.json in Resources */ = {isa = PBXBuildFile; fileRef = 5551A48A1DA2427200FE406D /* subjects.json */; };
		558537181DA3EE2900813F34 /* color.swift in Sources */ = {isa = PBXBuildFile; fileRef = 558537171DA3EE2900813F34 /* color.swift */; };
		55A0C1F61DA4D09F00F9E4BD /* chartViewController.swift in Sources */ = {isa = PBXBuildFile; fileRef = 55A0C1F51DA4D09F00F9E4BD /* chartViewController.swift */; };
/* End PBXBuildFile section */

/* Begin PBXContainerItemProxy section */
		550109C91DA4D61200418434 /* PBXContainerItemProxy */ = {
			isa = PBXContainerItemProxy;
			containerPortal = 550109C31DA4D61200418434 /* Charts.xcodeproj */;
			proxyType = 2;
			remoteGlobalIDString = 06165F241D8110E600722320;
			remoteInfo = Charts;
		};
		550109CB1DA4D61200418434 /* PBXContainerItemProxy */ = {
			isa = PBXContainerItemProxy;
			containerPortal = 550109C31DA4D61200418434 /* Charts.xcodeproj */;
			proxyType = 2;
			remoteGlobalIDString = 06B120D51D811E6200D14B02;
			remoteInfo = ChartsRealm;
		};
		550109CD1DA4D61200418434 /* PBXContainerItemProxy */ = {
			isa = PBXContainerItemProxy;
			containerPortal = 550109C31DA4D61200418434 /* Charts.xcodeproj */;
			proxyType = 2;
			remoteGlobalIDString = 06165F2E1D8110E600722320;
			remoteInfo = ChartsTests;
		};
		550109D11DA4D62000418434 /* PBXContainerItemProxy */ = {
			isa = PBXContainerItemProxy;
			containerPortal = 550109C31DA4D61200418434 /* Charts.xcodeproj */;
			proxyType = 1;
			remoteGlobalIDString = 06165F231D8110E600722320;
			remoteInfo = Charts;
		};
/* End PBXContainerItemProxy section */

/* Begin PBXCopyFilesBuildPhase section */
		55A0C1F41DA4D06400F9E4BD /* Embed Frameworks */ = {
			isa = PBXCopyFilesBuildPhase;
			buildActionMask = 2147483647;
			dstPath = "";
			dstSubfolderSpec = 10;
			files = (
				550109D01DA4D62000418434 /* Charts.framework in Embed Frameworks */,
			);
			name = "Embed Frameworks";
			runOnlyForDeploymentPostprocessing = 0;
		};
/* End PBXCopyFilesBuildPhase section */

/* Begin PBXFileReference section */
		2FC0A2B8C10333C945368126 /* Pods-percentageFinal.debug.xcconfig */ = {isa = PBXFileReference; includeInIndex = 1; lastKnownFileType = text.xcconfig; name = "Pods-percentageFinal.debug.xcconfig"; path = "Pods/Target Support Files/Pods-percentageFinal/Pods-percentageFinal.debug.xcconfig"; sourceTree = "<group>"; };
		550109C31DA4D61200418434 /* Charts.xcodeproj */ = {isa = PBXFileReference; lastKnownFileType = "wrapper.pb-project"; name = Charts.xcodeproj; path = "../../../Downloads/Charts-master-2/Charts.xcodeproj"; sourceTree = "<group>"; };
		55413A441DA2039D002D6FB5 /* percentageFinal.app */ = {isa = PBXFileReference; explicitFileType = wrapper.application; includeInIndex = 0; path = percentageFinal.app; sourceTree = BUILT_PRODUCTS_DIR; };
		55413A471DA2039D002D6FB5 /* AppDelegate.swift */ = {isa = PBXFileReference; lastKnownFileType = sourcecode.swift; path = AppDelegate.swift; sourceTree = "<group>"; };
		55413A4C1DA2039D002D6FB5 /* Base */ = {isa = PBXFileReference; lastKnownFileType = file.storyboard; name = Base; path = Base.lproj/Main.storyboard; sourceTree = "<group>"; };
		55413A4E1DA2039D002D6FB5 /* Assets.xcassets */ = {isa = PBXFileReference; lastKnownFileType = folder.assetcatalog; path = Assets.xcassets; sourceTree = "<group>"; };
		55413A511DA2039D002D6FB5 /* Base */ = {isa = PBXFileReference; lastKnownFileType = file.storyboard; name = Base; path = Base.lproj/LaunchScreen.storyboard; sourceTree = "<group>"; };
		55413A531DA2039D002D6FB5 /* Info.plist */ = {isa = PBXFileReference; lastKnownFileType = text.plist.xml; path = Info.plist; sourceTree = "<group>"; };
		55413A591DA2045F002D6FB5 /* percentageViewController.swift */ = {isa = PBXFileReference; fileEncoding = 4; lastKnownFileType = sourcecode.swift; path = percentageViewController.swift; sourceTree = "<group>"; };
		5551A48A1DA2427200FE406D /* subjects.json */ = {isa = PBXFileReference; fileEncoding = 4; lastKnownFileType = text.json; path = subjects.json; sourceTree = "<group>"; };
		558537171DA3EE2900813F34 /* color.swift */ = {isa = PBXFileReference; fileEncoding = 4; lastKnownFileType = sourcecode.swift; path = color.swift; sourceTree = "<group>"; };
		55A0C1F51DA4D09F00F9E4BD /* chartViewController.swift */ = {isa = PBXFileReference; fileEncoding = 4; lastKnownFileType = sourcecode.swift; path = chartViewController.swift; sourceTree = "<group>"; };
		9381C1AA7BE5E31D56C0074A /* Pods_percentageFinal.framework */ = {isa = PBXFileReference; explicitFileType = wrapper.framework; includeInIndex = 0; path = Pods_percentageFinal.framework; sourceTree = BUILT_PRODUCTS_DIR; };
		C6C09A4C1B8070D81A078D96 /* Pods-percentageFinal.release.xcconfig */ = {isa = PBXFileReference; includeInIndex = 1; lastKnownFileType = text.xcconfig; name = "Pods-percentageFinal.release.xcconfig"; path = "Pods/Target Support Files/Pods-percentageFinal/Pods-percentageFinal.release.xcconfig"; sourceTree = "<group>"; };
/* End PBXFileReference section */

/* Begin PBXFrameworksBuildPhase section */
		55413A411DA2039D002D6FB5 /* Frameworks */ = {
			isa = PBXFrameworksBuildPhase;
			buildActionMask = 2147483647;
			files = (
				365278CF9B58762AC16B154D /* Pods_percentageFinal.framework in Frameworks */,
				550109CF1DA4D62000418434 /* Charts.framework in Frameworks */,
			);
			runOnlyForDeploymentPostprocessing = 0;
		};
/* End PBXFrameworksBuildPhase section */

/* Begin PBXGroup section */
		325CF0636B98EEC05CC873F5 /* Frameworks */ = {
			isa = PBXGroup;
			children = (
				9381C1AA7BE5E31D56C0074A /* Pods_percentageFinal.framework */,
			);
			name = Frameworks;
			sourceTree = "<group>";
		};
		550109C41DA4D61200418434 /* Products */ = {
			isa = PBXGroup;
			children = (
				550109CA1DA4D61200418434 /* Charts.framework */,
				550109CC1DA4D61200418434 /* ChartsRealm.framework */,
				550109CE1DA4D61200418434 /* ChartsTests.xctest */,
			);
			name = Products;
			sourceTree = "<group>";
		};
		55413A3B1DA2039D002D6FB5 = {
			isa = PBXGroup;
			children = (
				55413A461DA2039D002D6FB5 /* percentageFinal */,
				55413A451DA2039D002D6FB5 /* Products */,
				550109C31DA4D61200418434 /* Charts.xcodeproj */,
				5DBE89D82D7AD14784878A67 /* Pods */,
				325CF0636B98EEC05CC873F5 /* Frameworks */,
			);
			sourceTree = "<group>";
		};
		55413A451DA2039D002D6FB5 /* Products */ = {
			isa = PBXGroup;
			children = (
				55413A441DA2039D002D6FB5 /* percentageFinal.app */,
			);
			name = Products;
			sourceTree = "<group>";
		};
		55413A461DA2039D002D6FB5 /* percentageFinal */ = {
			isa = PBXGroup;
			children = (
				55413A471DA2039D002D6FB5 /* AppDelegate.swift */,
				55413A4B1DA2039D002D6FB5 /* Main.storyboard */,
				55413A591DA2045F002D6FB5 /* percentageViewController.swift */,
				55A0C1F51DA4D09F00F9E4BD /* chartViewController.swift */,
				558537171DA3EE2900813F34 /* color.swift */,
				5551A48A1DA2427200FE406D /* subjects.json */,
				55413A4E1DA2039D002D6FB5 /* Assets.xcassets */,
				55413A501DA2039D002D6FB5 /* LaunchScreen.storyboard */,
				55413A531DA2039D002D6FB5 /* Info.plist */,
			);
			path = percentageFinal;
			sourceTree = "<group>";
		};
		5DBE89D82D7AD14784878A67 /* Pods */ = {
			isa = PBXGroup;
			children = (
				2FC0A2B8C10333C945368126 /* Pods-percentageFinal.debug.xcconfig */,
				C6C09A4C1B8070D81A078D96 /* Pods-percentageFinal.release.xcconfig */,
			);
			name = Pods;
			sourceTree = "<group>";
		};
/* End PBXGroup section */

/* Begin PBXNativeTarget section */
		55413A431DA2039D002D6FB5 /* percentageFinal */ = {
			isa = PBXNativeTarget;
			buildConfigurationList = 55413A561DA2039D002D6FB5 /* Build configuration list for PBXNativeTarget "percentageFinal" */;
			buildPhases = (
				2B1D30FDFE64FDA04834E1D3 /* Check Pods Manifest.lock */,
				55413A401DA2039D002D6FB5 /* Sources */,
				55413A411DA2039D002D6FB5 /* Frameworks */,
				55413A421DA2039D002D6FB5 /* Resources */,
				C35C645BAA95B594CA773B36 /* Embed Pods Frameworks */,
				85DCD7EC9ADAF4470264DDB8 /* Copy Pods Resources */,
				55A0C1F41DA4D06400F9E4BD /* Embed Frameworks */,
			);
			buildRules = (
			);
			dependencies = (
				550109D21DA4D62000418434 /* PBXTargetDependency */,
			);
			name = percentageFinal;
			productName = percentageFinal;
			productReference = 55413A441DA2039D002D6FB5 /* percentageFinal.app */;
			productType = "com.apple.product-type.application";
		};
/* End PBXNativeTarget section */

/* Begin PBXProject section */
		55413A3C1DA2039D002D6FB5 /* Project object */ = {
			isa = PBXProject;
			attributes = {
				LastSwiftUpdateCheck = 0800;
				LastUpgradeCheck = 0800;
				ORGANIZATIONNAME = "Swapnil Dhanwal";
				TargetAttributes = {
					55413A431DA2039D002D6FB5 = {
						CreatedOnToolsVersion = 8.0;
						DevelopmentTeam = 3A9TH8N8KH;
						LastSwiftMigration = 0800;
						ProvisioningStyle = Automatic;
					};
				};
			};
			buildConfigurationList = 55413A3F1DA2039D002D6FB5 /* Build configuration list for PBXProject "percentageFinal" */;
			compatibilityVersion = "Xcode 3.2";
			developmentRegion = English;
			hasScannedForEncodings = 0;
			knownRegions = (
				en,
				Base,
			);
			mainGroup = 55413A3B1DA2039D002D6FB5;
			productRefGroup = 55413A451DA2039D002D6FB5 /* Products */;
			projectDirPath = "";
			projectReferences = (
				{
					ProductGroup = 550109C41DA4D61200418434 /* Products */;
					ProjectRef = 550109C31DA4D61200418434 /* Charts.xcodeproj */;
				},
			);
			projectRoot = "";
			targets = (
				55413A431DA2039D002D6FB5 /* percentageFinal */,
			);
		};
/* End PBXProject section */

/* Begin PBXReferenceProxy section */
		550109CA1DA4D61200418434 /* Charts.framework */ = {
			isa = PBXReferenceProxy;
			fileType = wrapper.framework;
			path = Charts.framework;
			remoteRef = 550109C91DA4D61200418434 /* PBXContainerItemProxy */;
			sourceTree = BUILT_PRODUCTS_DIR;
		};
		550109CC1DA4D61200418434 /* ChartsRealm.framework */ = {
			isa = PBXReferenceProxy;
			fileType = wrapper.framework;
			path = ChartsRealm.framework;
			remoteRef = 550109CB1DA4D61200418434 /* PBXContainerItemProxy */;
			sourceTree = BUILT_PRODUCTS_DIR;
		};
		550109CE1DA4D61200418434 /* ChartsTests.xctest */ = {
			isa = PBXReferenceProxy;
			fileType = wrapper.cfbundle;
			path = ChartsTests.xctest;
			remoteRef = 550109CD1DA4D61200418434 /* PBXContainerItemProxy */;
			sourceTree = BUILT_PRODUCTS_DIR;
		};
/* End PBXReferenceProxy section */

/* Begin PBXResourcesBuildPhase section */
		55413A421DA2039D002D6FB5 /* Resources */ = {
			isa = PBXResourcesBuildPhase;
			buildActionMask = 2147483647;
			files = (
				55413A521DA2039D002D6FB5 /* LaunchScreen.storyboard in Resources */,
				5551A48B1DA2427200FE406D /* subjects.json in Resources */,
				55413A4F1DA2039D002D6FB5 /* Assets.xcassets in Resources */,
				55413A4D1DA2039D002D6FB5 /* Main.storyboard in Resources */,
			);
			runOnlyForDeploymentPostprocessing = 0;
		};
/* End PBXResourcesBuildPhase section */

/* Begin PBXShellScriptBuildPhase section */
		2B1D30FDFE64FDA04834E1D3 /* Check Pods Manifest.lock */ = {
			isa = PBXShellScriptBuildPhase;
			buildActionMask = 2147483647;
			files = (
			);
			inputPaths = (
			);
			name = "Check Pods Manifest.lock";
			outputPaths = (
			);
			runOnlyForDeploymentPostprocessing = 0;
			shellPath = /bin/sh;
			shellScript = "diff \"${PODS_ROOT}/../Podfile.lock\" \"${PODS_ROOT}/Manifest.lock\" > /dev/null\nif [[ $? != 0 ]] ; then\n    cat << EOM\nerror: The sandbox is not in sync with the Podfile.lock. Run 'pod install' or update your CocoaPods installation.\nEOM\n    exit 1\nfi\n";
			showEnvVarsInLog = 0;
		};
		85DCD7EC9ADAF4470264DDB8 /* Copy Pods Resources */ = {
			isa = PBXShellScriptBuildPhase;
			buildActionMask = 2147483647;
			files = (
			);
			inputPaths = (
			);
			name = "Copy Pods Resources";
			outputPaths = (
			);
			runOnlyForDeploymentPostprocessing = 0;
			shellPath = /bin/sh;
			shellScript = "\"${SRCROOT}/Pods/Target Support Files/Pods-percentageFinal/Pods-percentageFinal-resources.sh\"\n";
			showEnvVarsInLog = 0;
		};
		C35C645BAA95B594CA773B36 /* Embed Pods Frameworks */ = {
			isa = PBXShellScriptBuildPhase;
			buildActionMask = 2147483647;
			files = (
			);
			inputPaths = (
			);
			name = "Embed Pods Frameworks";
			outputPaths = (
			);
			runOnlyForDeploymentPostprocessing = 0;
			shellPath = /bin/sh;
			shellScript = "\"${SRCROOT}/Pods/Target Support Files/Pods-percentageFinal/Pods-percentageFinal-frameworks.sh\"\n";
			showEnvVarsInLog = 0;
		};
/* End PBXShellScriptBuildPhase section */

/* Begin PBXSourcesBuildPhase section */
		55413A401DA2039D002D6FB5 /* Sources */ = {
			isa = PBXSourcesBuildPhase;
			buildActionMask = 2147483647;
			files = (
				55413A5A1DA2045F002D6FB5 /* percentageViewController.swift in Sources */,
				55A0C1F61DA4D09F00F9E4BD /* chartViewController.swift in Sources */,
				558537181DA3EE2900813F34 /* color.swift in Sources */,
				55413A481DA2039D002D6FB5 /* AppDelegate.swift in Sources */,
			);
			runOnlyForDeploymentPostprocessing = 0;
		};
/* End PBXSourcesBuildPhase section */

/* Begin PBXTargetDependency section */
		550109D21DA4D62000418434 /* PBXTargetDependency */ = {
			isa = PBXTargetDependency;
			name = Charts;
			targetProxy = 550109D11DA4D62000418434 /* PBXContainerItemProxy */;
		};
/* End PBXTargetDependency section */

/* Begin PBXVariantGroup section */
		55413A4B1DA2039D002D6FB5 /* Main.storyboard */ = {
			isa = PBXVariantGroup;
			children = (
				55413A4C1DA2039D002D6FB5 /* Base */,
			);
			name = Main.storyboard;
			sourceTree = "<group>";
		};
		55413A501DA2039D002D6FB5 /* LaunchScreen.storyboard */ = {
			isa = PBXVariantGroup;
			children = (
				55413A511DA2039D002D6FB5 /* Base */,
			);
			name = LaunchScreen.storyboard;
			sourceTree = "<group>";
		};
/* End PBXVariantGroup section */

/* Begin XCBuildConfiguration section */
		55413A541DA2039D002D6FB5 /* Debug */ = {
			isa = XCBuildConfiguration;
			buildSettings = {
				ALWAYS_SEARCH_USER_PATHS = NO;
				CLANG_ANALYZER_NONNULL = YES;
				CLANG_CXX_LANGUAGE_STANDARD = "gnu++0x";
				CLANG_CXX_LIBRARY = "libc++";
				CLANG_ENABLE_MODULES = YES;
				CLANG_ENABLE_OBJC_ARC = YES;
				CLANG_WARN_BOOL_CONVERSION = YES;
				CLANG_WARN_CONSTANT_CONVERSION = YES;
				CLANG_WARN_DIRECT_OBJC_ISA_USAGE = YES_ERROR;
				CLANG_WARN_DOCUMENTATION_COMMENTS = YES;
				CLANG_WARN_EMPTY_BODY = YES;
				CLANG_WARN_ENUM_CONVERSION = YES;
				CLANG_WARN_INFINITE_RECURSION = YES;
				CLANG_WARN_INT_CONVERSION = YES;
				CLANG_WARN_OBJC_ROOT_CLASS = YES_ERROR;
				CLANG_WARN_SUSPICIOUS_MOVE = YES;
				CLANG_WARN_SUSPICIOUS_MOVES = YES;
				CLANG_WARN_UNREACHABLE_CODE = YES;
				CLANG_WARN__DUPLICATE_METHOD_MATCH = YES;
				"CODE_SIGN_IDENTITY[sdk=iphoneos*]" = "iPhone Developer";
				COPY_PHASE_STRIP = NO;
				DEBUG_INFORMATION_FORMAT = dwarf;
				ENABLE_STRICT_OBJC_MSGSEND = YES;
				ENABLE_TESTABILITY = YES;
				GCC_C_LANGUAGE_STANDARD = gnu99;
				GCC_DYNAMIC_NO_PIC = NO;
				GCC_NO_COMMON_BLOCKS = YES;
				GCC_OPTIMIZATION_LEVEL = 0;
				GCC_PREPROCESSOR_DEFINITIONS = (
					"DEBUG=1",
					"$(inherited)",
				);
				GCC_WARN_64_TO_32_BIT_CONVERSION = YES;
				GCC_WARN_ABOUT_RETURN_TYPE = YES_ERROR;
				GCC_WARN_UNDECLARED_SELECTOR = YES;
				GCC_WARN_UNINITIALIZED_AUTOS = YES_AGGRESSIVE;
				GCC_WARN_UNUSED_FUNCTION = YES;
				GCC_WARN_UNUSED_VARIABLE = YES;
				IPHONEOS_DEPLOYMENT_TARGET = 10.0;
				MTL_ENABLE_DEBUG_INFO = YES;
				ONLY_ACTIVE_ARCH = YES;
				SDKROOT = iphoneos;
				SWIFT_ACTIVE_COMPILATION_CONDITIONS = DEBUG;
				SWIFT_OPTIMIZATION_LEVEL = "-Onone";
			};
			name = Debug;
		};
		55413A551DA2039D002D6FB5 /* Release */ = {
			isa = XCBuildConfiguration;
			buildSettings = {
				ALWAYS_SEARCH_USER_PATHS = NO;
				CLANG_ANALYZER_NONNULL = YES;
				CLANG_CXX_LANGUAGE_STANDARD = "gnu++0x";
				CLANG_CXX_LIBRARY = "libc++";
				CLANG_ENABLE_MODULES = YES;
				CLANG_ENABLE_OBJC_ARC = YES;
				CLANG_WARN_BOOL_CONVERSION = YES;
				CLANG_WARN_CONSTANT_CONVERSION = YES;
				CLANG_WARN_DIRECT_OBJC_ISA_USAGE = YES_ERROR;
				CLANG_WARN_DOCUMENTATION_COMMENTS = YES;
				CLANG_WARN_EMPTY_BODY = YES;
				CLANG_WARN_ENUM_CONVERSION = YES;
				CLANG_WARN_INFINITE_RECURSION = YES;
				CLANG_WARN_INT_CONVERSION = YES;
				CLANG_WARN_OBJC_ROOT_CLASS = YES_ERROR;
				CLANG_WARN_SUSPICIOUS_MOVE = YES;
				CLANG_WARN_SUSPICIOUS_MOVES = YES;
				CLANG_WARN_UNREACHABLE_CODE = YES;
				CLANG_WARN__DUPLICATE_METHOD_MATCH = YES;
				"CODE_SIGN_IDENTITY[sdk=iphoneos*]" = "iPhone Developer";
				COPY_PHASE_STRIP = NO;
				DEBUG_INFORMATION_FORMAT = "dwarf-with-dsym";
				ENABLE_NS_ASSERTIONS = NO;
				ENABLE_STRICT_OBJC_MSGSEND = YES;
				GCC_C_LANGUAGE_STANDARD = gnu99;
				GCC_NO_COMMON_BLOCKS = YES;
				GCC_WARN_64_TO_32_BIT_CONVERSION = YES;
				GCC_WARN_ABOUT_RETURN_TYPE = YES_ERROR;
				GCC_WARN_UNDECLARED_SELECTOR = YES;
				GCC_WARN_UNINITIALIZED_AUTOS = YES_AGGRESSIVE;
				GCC_WARN_UNUSED_FUNCTION = YES;
				GCC_WARN_UNUSED_VARIABLE = YES;
				IPHONEOS_DEPLOYMENT_TARGET = 10.0;
				MTL_ENABLE_DEBUG_INFO = NO;
				SDKROOT = iphoneos;
				SWIFT_OPTIMIZATION_LEVEL = "-Owholemodule";
				VALIDATE_PRODUCT = YES;
			};
			name = Release;
		};
		55413A571DA2039D002D6FB5 /* Debug */ = {
			isa = XCBuildConfiguration;
			baseConfigurationReference = 2FC0A2B8C10333C945368126 /* Pods-percentageFinal.debug.xcconfig */;
			buildSettings = {
				ALWAYS_EMBED_SWIFT_STANDARD_LIBRARIES = YES;
				ASSETCATALOG_COMPILER_APPICON_NAME = AppIcon;
				DEVELOPMENT_TEAM = 3A9TH8N8KH;
				INFOPLIST_FILE = percentageFinal/Info.plist;
				LD_RUNPATH_SEARCH_PATHS = "$(inherited) @executable_path/Frameworks";
				PRODUCT_BUNDLE_IDENTIFIER = "com.Swapnil-Dhanwal.percentageFinal";
				PRODUCT_NAME = "$(TARGET_NAME)";
				SWIFT_VERSION = 3.0;
			};
			name = Debug;
		};
		55413A581DA2039D002D6FB5 /* Release */ = {
			isa = XCBuildConfiguration;
			baseConfigurationReference = C6C09A4C1B8070D81A078D96 /* Pods-percentageFinal.release.xcconfig */;
			buildSettings = {
				ALWAYS_EMBED_SWIFT_STANDARD_LIBRARIES = YES;
				ASSETCATALOG_COMPILER_APPICON_NAME = AppIcon;
				DEVELOPMENT_TEAM = 3A9TH8N8KH;
				INFOPLIST_FILE = percentageFinal/Info.plist;
				LD_RUNPATH_SEARCH_PATHS = "$(inherited) @executable_path/Frameworks";
				PRODUCT_BUNDLE_IDENTIFIER = "com.Swapnil-Dhanwal.percentageFinal";
				PRODUCT_NAME = "$(TARGET_NAME)";
				SWIFT_VERSION = 3.0;
			};
			name = Release;
		};
/* End XCBuildConfiguration section */

/* Begin XCConfigurationList section */
		55413A3F1DA2039D002D6FB5 /* Build configuration list for PBXProject "percentageFinal" */ = {
			isa = XCConfigurationList;
			buildConfigurations = (
				55413A541DA2039D002D6FB5 /* Debug */,
				55413A551DA2039D002D6FB5 /* Release */,
			);
			defaultConfigurationIsVisible = 0;
			defaultConfigurationName = Release;
		};
		55413A561DA2039D002D6FB5 /* Build configuration list for PBXNativeTarget "percentageFinal" */ = {
			isa = XCConfigurationList;
			buildConfigurations = (
				55413A571DA2039D002D6FB5 /* Debug */,
				55413A581DA2039D002D6FB5 /* Release */,
			);
			defaultConfigurationIsVisible = 0;
			defaultConfigurationName = Release;
		};
/* End XCConfigurationList section */
	};
	rootObject = 55413A3C1DA2039D002D6FB5 /* Project object */;
}
